
Microsoft Visual Studio Solution File, Format Version 12.00
# Visual Studio Version 17
VisualStudioVersion = 17.0.31903.59
MinimumVisualStudioVersion = 10.0.40219.1
Project("{2150E333-8FDC-42A3-9474-1A3956D46DE8}") = "src", "src", "{827E0CD3-B72D-47B6-A68D-7590B98EB39B}"
EndProject
Project("{FAE04EC0-301F-11D3-BF4B-00C04F79EFBC}") = "WorldTime", "src\WorldTime\WorldTime.csproj", "{7F5863E0-DC53-490A-8312-7CF942DCA7EF}"
EndProject
Project("{FAE04EC0-301F-11D3-BF4B-00C04F79EFBC}") = "WorldTime.Config", "src\WorldTime.Config\WorldTime.Config.csproj", "{1D5C15D9-3FE8-4AC9-987A-3B68A6C5867B}"
EndProject
Project("{FAE04EC0-301F-11D3-BF4B-00C04F79EFBC}") = "WorldTime.SchemaGen", "src\WorldTime.SchemaGen\WorldTime.SchemaGen.csproj", "{30B1A5F7-6C98-46E3-9B02-4A5882FE5769}"
EndProject
Global
	GlobalSection(SolutionConfigurationPlatforms) = preSolution
		Debug|Any CPU = Debug|Any CPU
		Debug|x64 = Debug|x64
		Debug|x86 = Debug|x86
		Release|Any CPU = Release|Any CPU
		Release|x64 = Release|x64
		Release|x86 = Release|x86
	EndGlobalSection
	GlobalSection(ProjectConfigurationPlatforms) = postSolution
		{7F5863E0-DC53-490A-8312-7CF942DCA7EF}.Debug|Any CPU.ActiveCfg = Debug|Any CPU
		{7F5863E0-DC53-490A-8312-7CF942DCA7EF}.Debug|Any CPU.Build.0 = Debug|Any CPU
		{7F5863E0-DC53-490A-8312-7CF942DCA7EF}.Debug|x64.ActiveCfg = Debug|Any CPU
		{7F5863E0-DC53-490A-8312-7CF942DCA7EF}.Debug|x64.Build.0 = Debug|Any CPU
		{7F5863E0-DC53-490A-8312-7CF942DCA7EF}.Debug|x86.ActiveCfg = Debug|Any CPU
		{7F5863E0-DC53-490A-8312-7CF942DCA7EF}.Debug|x86.Build.0 = Debug|Any CPU
		{7F5863E0-DC53-490A-8312-7CF942DCA7EF}.Release|Any CPU.ActiveCfg = Release|Any CPU
		{7F5863E0-DC53-490A-8312-7CF942DCA7EF}.Release|Any CPU.Build.0 = Release|Any CPU
		{7F5863E0-DC53-490A-8312-7CF942DCA7EF}.Release|x64.ActiveCfg = Release|Any CPU
		{7F5863E0-DC53-490A-8312-7CF942DCA7EF}.Release|x64.Build.0 = Release|Any CPU
		{7F5863E0-DC53-490A-8312-7CF942DCA7EF}.Release|x86.ActiveCfg = Release|Any CPU
		{7F5863E0-DC53-490A-8312-7CF942DCA7EF}.Release|x86.Build.0 = Release|Any CPU
		{1D5C15D9-3FE8-4AC9-987A-3B68A6C5867B}.Debug|Any CPU.ActiveCfg = Debug|Any CPU
		{1D5C15D9-3FE8-4AC9-987A-3B68A6C5867B}.Debug|Any CPU.Build.0 = Debug|Any CPU
		{1D5C15D9-3FE8-4AC9-987A-3B68A6C5867B}.Debug|x64.ActiveCfg = Debug|Any CPU
		{1D5C15D9-3FE8-4AC9-987A-3B68A6C5867B}.Debug|x64.Build.0 = Debug|Any CPU
		{1D5C15D9-3FE8-4AC9-987A-3B68A6C5867B}.Debug|x86.ActiveCfg = Debug|Any CPU
		{1D5C15D9-3FE8-4AC9-987A-3B68A6C5867B}.Debug|x86.Build.0 = Debug|Any CPU
		{1D5C15D9-3FE8-4AC9-987A-3B68A6C5867B}.Release|Any CPU.ActiveCfg = Release|Any CPU
		{1D5C15D9-3FE8-4AC9-987A-3B68A6C5867B}.Release|Any CPU.Build.0 = Release|Any CPU
		{1D5C15D9-3FE8-4AC9-987A-3B68A6C5867B}.Release|x64.ActiveCfg = Release|Any CPU
		{1D5C15D9-3FE8-4AC9-987A-3B68A6C5867B}.Release|x64.Build.0 = Release|Any CPU
		{1D5C15D9-3FE8-4AC9-987A-3B68A6C5867B}.Release|x86.ActiveCfg = Release|Any CPU
		{1D5C15D9-3FE8-4AC9-987A-3B68A6C5867B}.Release|x86.Build.0 = Release|Any CPU
		{30B1A5F7-6C98-46E3-9B02-4A5882FE5769}.Debug|Any CPU.ActiveCfg = Debug|Any CPU
		{30B1A5F7-6C98-46E3-9B02-4A5882FE5769}.Debug|Any CPU.Build.0 = Debug|Any CPU
		{30B1A5F7-6C98-46E3-9B02-4A5882FE5769}.Debug|x64.ActiveCfg = Debug|Any CPU
		{30B1A5F7-6C98-46E3-9B02-4A5882FE5769}.Debug|x64.Build.0 = Debug|Any CPU
		{30B1A5F7-6C98-46E3-9B02-4A5882FE5769}.Debug|x86.ActiveCfg = Debug|Any CPU
		{30B1A5F7-6C98-46E3-9B02-4A5882FE5769}.Debug|x86.Build.0 = Debug|Any CPU
		{30B1A5F7-6C98-46E3-9B02-4A5882FE5769}.Release|Any CPU.ActiveCfg = Release|Any CPU
		{30B1A5F7-6C98-46E3-9B02-4A5882FE5769}.Release|Any CPU.Build.0 = Release|Any CPU
		{30B1A5F7-6C98-46E3-9B02-4A5882FE5769}.Release|x64.ActiveCfg = Release|Any CPU
		{30B1A5F7-6C98-46E3-9B02-4A5882FE5769}.Release|x64.Build.0 = Release|Any CPU
		{30B1A5F7-6C98-46E3-9B02-4A5882FE5769}.Release|x86.ActiveCfg = Release|Any CPU
		{30B1A5F7-6C98-46E3-9B02-4A5882FE5769}.Release|x86.Build.0 = Release|Any CPU
	EndGlobalSection
	GlobalSection(SolutionProperties) = preSolution
		HideSolutionNode = FALSE
	EndGlobalSection
	GlobalSection(NestedProjects) = preSolution
		{7F5863E0-DC53-490A-8312-7CF942DCA7EF} = {827E0CD3-B72D-47B6-A68D-7590B98EB39B}
		{1D5C15D9-3FE8-4AC9-987A-3B68A6C5867B} = {827E0CD3-B72D-47B6-A68D-7590B98EB39B}
		{30B1A5F7-6C98-46E3-9B02-4A5882FE5769} = {827E0CD3-B72D-47B6-A68D-7590B98EB39B}
	EndGlobalSection
EndGlobal
