
Microsoft Visual Studio Solution File, Format Version 12.00
# Visual Studio Version 17
VisualStudioVersion = 17.0.31903.59
MinimumVisualStudioVersion = 10.0.40219.1
Project("{2150E333-8FDC-42A3-9474-1A3956D46DE8}") = "src", "src", "{827E0CD3-B72D-47B6-A68D-7590B98EB39B}"
EndProject
Project("{FAE04EC0-301F-11D3-BF4B-00C04F79EFBC}") = "WorldTime", "src\WorldTime\WorldTime.csproj", "{7F5863E0-DC53-490A-8312-7CF942DCA7EF}"
EndProject
Project("{2150E333-8FDC-42A3-9474-1A3956D46DE8}") = "Core", "Core", "{8D626EA8-CB54-BC41-363A-217881BEBA6E}"
EndProject
Project("{2150E333-8FDC-42A3-9474-1A3956D46DE8}") = "src", "src", "{D5B37BAE-0322-6BA3-3511-B8DD51D54D8F}"
EndProject
Project("{FAE04EC0-301F-11D3-BF4B-00C04F79EFBC}") = "NpbCore.Config", "src\Core\src\NpbCore.Config\NpbCore.Config.csproj", "{97661790-A7A4-4CC6-864E-BF2606F2BB32}"
EndProject
Project("{FAE04EC0-301F-11D3-BF4B-00C04F79EFBC}") = "NpbCore", "src\Core\src\NpbCore\NpbCore.csproj", "{ED47BC16-B529-4800-83AF-405F30AD838A}"
EndProject
Global
	GlobalSection(SolutionConfigurationPlatforms) = preSolution
		Debug|Any CPU = Debug|Any CPU
		Debug|x64 = Debug|x64
		Debug|x86 = Debug|x86
		Release|Any CPU = Release|Any CPU
		Release|x64 = Release|x64
		Release|x86 = Release|x86
	EndGlobalSection
	GlobalSection(ProjectConfigurationPlatforms) = postSolution
		{7F5863E0-DC53-490A-8312-7CF942DCA7EF}.Debug|Any CPU.ActiveCfg = Debug|Any CPU
		{7F5863E0-DC53-490A-8312-7CF942DCA7EF}.Debug|Any CPU.Build.0 = Debug|Any CPU
		{7F5863E0-DC53-490A-8312-7CF942DCA7EF}.Debug|x64.ActiveCfg = Debug|Any CPU
		{7F5863E0-DC53-490A-8312-7CF942DCA7EF}.Debug|x64.Build.0 = Debug|Any CPU
		{7F5863E0-DC53-490A-8312-7CF942DCA7EF}.Debug|x86.ActiveCfg = Debug|Any CPU
		{7F5863E0-DC53-490A-8312-7CF942DCA7EF}.Debug|x86.Build.0 = Debug|Any CPU
		{7F5863E0-DC53-490A-8312-7CF942DCA7EF}.Release|Any CPU.ActiveCfg = Release|Any CPU
		{7F5863E0-DC53-490A-8312-7CF942DCA7EF}.Release|Any CPU.Build.0 = Release|Any CPU
		{7F5863E0-DC53-490A-8312-7CF942DCA7EF}.Release|x64.ActiveCfg = Release|Any CPU
		{7F5863E0-DC53-490A-8312-7CF942DCA7EF}.Release|x64.Build.0 = Release|Any CPU
		{7F5863E0-DC53-490A-8312-7CF942DCA7EF}.Release|x86.ActiveCfg = Release|Any CPU
		{7F5863E0-DC53-490A-8312-7CF942DCA7EF}.Release|x86.Build.0 = Release|Any CPU
		{97661790-A7A4-4CC6-864E-BF2606F2BB32}.Debug|Any CPU.ActiveCfg = Debug|Any CPU
		{97661790-A7A4-4CC6-864E-BF2606F2BB32}.Debug|Any CPU.Build.0 = Debug|Any CPU
		{97661790-A7A4-4CC6-864E-BF2606F2BB32}.Debug|x64.ActiveCfg = Debug|Any CPU
		{97661790-A7A4-4CC6-864E-BF2606F2BB32}.Debug|x64.Build.0 = Debug|Any CPU
		{97661790-A7A4-4CC6-864E-BF2606F2BB32}.Debug|x86.ActiveCfg = Debug|Any CPU
		{97661790-A7A4-4CC6-864E-BF2606F2BB32}.Debug|x86.Build.0 = Debug|Any CPU
		{97661790-A7A4-4CC6-864E-BF2606F2BB32}.Release|Any CPU.ActiveCfg = Release|Any CPU
		{97661790-A7A4-4CC6-864E-BF2606F2BB32}.Release|Any CPU.Build.0 = Release|Any CPU
		{97661790-A7A4-4CC6-864E-BF2606F2BB32}.Release|x64.ActiveCfg = Release|Any CPU
		{97661790-A7A4-4CC6-864E-BF2606F2BB32}.Release|x64.Build.0 = Release|Any CPU
		{97661790-A7A4-4CC6-864E-BF2606F2BB32}.Release|x86.ActiveCfg = Release|Any CPU
		{97661790-A7A4-4CC6-864E-BF2606F2BB32}.Release|x86.Build.0 = Release|Any CPU
		{ED47BC16-B529-4800-83AF-405F30AD838A}.Debug|Any CPU.ActiveCfg = Debug|Any CPU
		{ED47BC16-B529-4800-83AF-405F30AD838A}.Debug|Any CPU.Build.0 = Debug|Any CPU
		{ED47BC16-B529-4800-83AF-405F30AD838A}.Debug|x64.ActiveCfg = Debug|Any CPU
		{ED47BC16-B529-4800-83AF-405F30AD838A}.Debug|x64.Build.0 = Debug|Any CPU
		{ED47BC16-B529-4800-83AF-405F30AD838A}.Debug|x86.ActiveCfg = Debug|Any CPU
		{ED47BC16-B529-4800-83AF-405F30AD838A}.Debug|x86.Build.0 = Debug|Any CPU
		{ED47BC16-B529-4800-83AF-405F30AD838A}.Release|Any CPU.ActiveCfg = Release|Any CPU
		{ED47BC16-B529-4800-83AF-405F30AD838A}.Release|Any CPU.Build.0 = Release|Any CPU
		{ED47BC16-B529-4800-83AF-405F30AD838A}.Release|x64.ActiveCfg = Release|Any CPU
		{ED47BC16-B529-4800-83AF-405F30AD838A}.Release|x64.Build.0 = Release|Any CPU
		{ED47BC16-B529-4800-83AF-405F30AD838A}.Release|x86.ActiveCfg = Release|Any CPU
		{ED47BC16-B529-4800-83AF-405F30AD838A}.Release|x86.Build.0 = Release|Any CPU
	EndGlobalSection
	GlobalSection(SolutionProperties) = preSolution
		HideSolutionNode = FALSE
	EndGlobalSection
	GlobalSection(NestedProjects) = preSolution
		{7F5863E0-DC53-490A-8312-7CF942DCA7EF} = {827E0CD3-B72D-47B6-A68D-7590B98EB39B}
		{8D626EA8-CB54-BC41-363A-217881BEBA6E} = {827E0CD3-B72D-47B6-A68D-7590B98EB39B}
		{D5B37BAE-0322-6BA3-3511-B8DD51D54D8F} = {8D626EA8-CB54-BC41-363A-217881BEBA6E}
		{97661790-A7A4-4CC6-864E-BF2606F2BB32} = {D5B37BAE-0322-6BA3-3511-B8DD51D54D8F}
		{ED47BC16-B529-4800-83AF-405F30AD838A} = {D5B37BAE-0322-6BA3-3511-B8DD51D54D8F}
	EndGlobalSection
EndGlobal
